
Microsoft Visual Studio Solution File, Format Version 10.00
# Visual C# Express 2008
Project("{FAE04EC0-301F-11D3-BF4B-00C04F79EFBC}") = "3D Renderer", "3D Renderer\3D Renderer.csproj", "{9D2508AE-7F05-4E1B-97B4-7722041064A8}"
EndProject
Global
	GlobalSection(SolutionConfigurationPlatforms) = preSolution
		Debug|x86 = Debug|x86
		Release|x86 = Release|x86
	EndGlobalSection
	GlobalSection(ProjectConfigurationPlatforms) = postSolution
		{9D2508AE-7F05-4E1B-97B4-7722041064A8}.Debug|x86.ActiveCfg = Debug|x86
		{9D2508AE-7F05-4E1B-97B4-7722041064A8}.Debug|x86.Build.0 = Debug|x86
		{9D2508AE-7F05-4E1B-97B4-7722041064A8}.Release|x86.ActiveCfg = Release|x86
		{9D2508AE-7F05-4E1B-97B4-7722041064A8}.Release|x86.Build.0 = Release|x86
		{17C7F1CC-0806-4669-A92A-321BE28530DB}.Debug|x86.ActiveCfg = Debug|x86
		{17C7F1CC-0806-4669-A92A-321BE28530DB}.Release|x86.ActiveCfg = Release|x86
	EndGlobalSection
	GlobalSection(SolutionProperties) = preSolution
		HideSolutionNode = FALSE
	EndGlobalSection
EndGlobal
